
Microsoft Visual Studio Solution File, Format Version 12.00
# Visual Studio 15
VisualStudioVersion = 15.0.27004.2010
MinimumVisualStudioVersion = 10.0.40219.1
Project("{2150E333-8FDC-42A3-9474-1A3956D46DE8}") = "Doc", "Doc", "{2D99936F-D14D-463A-90F4-641830EB8F61}"
	ProjectSection(SolutionItems) = preProject
		doc\Domain Model.png = doc\Domain Model.png
		doc\Model.uml = doc\Model.uml
	EndProjectSection
EndProject
Project("{FAE04EC0-301F-11D3-BF4B-00C04F79EFBC}") = "Model", "Model\Model.csproj", "{2C8F1DE8-9497-4B42-8A47-EE70E8FDC9DF}"
EndProject
Project("{FAE04EC0-301F-11D3-BF4B-00C04F79EFBC}") = "Tests", "Tests\Tests.csproj", "{491A37D8-CCB5-43B3-8005-A22E2F9708CE}"
EndProject
Global
	GlobalSection(SolutionConfigurationPlatforms) = preSolution
		Debug|Any CPU = Debug|Any CPU
		Release|Any CPU = Release|Any CPU
	EndGlobalSection
	GlobalSection(ProjectConfigurationPlatforms) = postSolution
		{2C8F1DE8-9497-4B42-8A47-EE70E8FDC9DF}.Debug|Any CPU.ActiveCfg = Debug|Any CPU
		{2C8F1DE8-9497-4B42-8A47-EE70E8FDC9DF}.Debug|Any CPU.Build.0 = Debug|Any CPU
		{2C8F1DE8-9497-4B42-8A47-EE70E8FDC9DF}.Release|Any CPU.ActiveCfg = Release|Any CPU
		{2C8F1DE8-9497-4B42-8A47-EE70E8FDC9DF}.Release|Any CPU.Build.0 = Release|Any CPU
		{491A37D8-CCB5-43B3-8005-A22E2F9708CE}.Debug|Any CPU.ActiveCfg = Debug|Any CPU
		{491A37D8-CCB5-43B3-8005-A22E2F9708CE}.Debug|Any CPU.Build.0 = Debug|Any CPU
		{491A37D8-CCB5-43B3-8005-A22E2F9708CE}.Release|Any CPU.ActiveCfg = Release|Any CPU
		{491A37D8-CCB5-43B3-8005-A22E2F9708CE}.Release|Any CPU.Build.0 = Release|Any CPU
	EndGlobalSection
	GlobalSection(SolutionProperties) = preSolution
		HideSolutionNode = FALSE
	EndGlobalSection
	GlobalSection(ExtensibilityGlobals) = postSolution
		SolutionGuid = {F559377C-9197-4D02-AC9E-3DF0626273FC}
	EndGlobalSection
EndGlobal
